{
  "nodes": {
    "bpmn-to-image": {
      "flake": false,
      "locked": {
        "lastModified": 1636373941,
        "narHash": "sha256-vtbcvguZ9mGxQNn/j4dgEFZ66FEVp6qbkis/eSE3v+A=",
        "owner": "bpmn-io",
        "repo": "bpmn-to-image",
        "rev": "af29f4b63fbeb4f0b974d31c687732e5be6652da",
        "type": "github"
      },
      "original": {
        "owner": "bpmn-io",
        "repo": "bpmn-to-image",
        "type": "github"
      }
    },
    "dmn-to-html": {
      "flake": false,
      "locked": {
        "lastModified": 1672565898,
        "narHash": "sha256-sHdgaH3yGUKrBDJVZm18epX4ieyt9mYQksDru4zCba0=",
        "owner": "datakurre",
        "repo": "dmn-to-html",
        "rev": "1ab9c42ddb69dda8baaa5d248782980fc12834dd",
        "type": "github"
      },
      "original": {
        "owner": "datakurre",
        "repo": "dmn-to-html",
        "type": "github"
      }
    },
    "flake-utils": {
      "locked": {
        "lastModified": 1667395993,
        "narHash": "sha256-nuEHfE/LcWyuSWnS8t12N1wc105Qtau+/OdUAjtQ0rA=",
        "owner": "numtide",
        "repo": "flake-utils",
        "rev": "5aed5285a952e0b949eb3ba02c12fa4fcfef535f",
        "type": "github"
      },
      "original": {
        "owner": "numtide",
        "repo": "flake-utils",
        "type": "github"
      }
    },
    "flake-utils_2": {
      "locked": {
        "lastModified": 1667395993,
        "narHash": "sha256-nuEHfE/LcWyuSWnS8t12N1wc105Qtau+/OdUAjtQ0rA=",
        "owner": "numtide",
        "repo": "flake-utils",
        "rev": "5aed5285a952e0b949eb3ba02c12fa4fcfef535f",
        "type": "github"
      },
      "original": {
        "owner": "numtide",
        "repo": "flake-utils",
        "type": "github"
      }
    },
    "home-manager": {
      "inputs": {
        "nixpkgs": [
          "nixpkgs"
        ],
        "utils": [
          "flake-utils"
        ]
      },
      "locked": {
        "lastModified": 1672244468,
        "narHash": "sha256-xaZb8AZqoXRCSqPusCk4ouf+fUNP8UJdafmMTF1Ltlw=",
        "owner": "rycee",
        "repo": "home-manager",
        "rev": "89a8ba0b5b43b3350ff2e3ef37b66736b2ef8706",
        "type": "github"
      },
      "original": {
        "owner": "rycee",
        "ref": "release-22.11",
        "repo": "home-manager",
        "type": "github"
      }
    },
    "lezer-feel": {
      "flake": false,
      "locked": {
        "lastModified": 1668679543,
        "narHash": "sha256-TvWPT6JRLq1DQ5Dy0M+VpfVYzWNQDTrQQ+/hgEtFEB0=",
        "owner": "nikku",
        "repo": "lezer-feel",
        "rev": "e143b8b35694074e870df2cf64a374d987eb366c",
        "type": "github"
      },
      "original": {
        "owner": "nikku",
        "repo": "lezer-feel",
        "type": "github"
      }
    },
    "nixpkgs": {
      "locked": {
        "lastModified": 1672353432,
        "narHash": "sha256-oZfgp/44/o2tWiylV30cR+DLyWTJ+5dhsdWZVpzs3e4=",
        "owner": "NixOS",
        "repo": "nixpkgs",
        "rev": "913a47cd064cc06440ea84e5e0452039a85781f0",
        "type": "github"
      },
      "original": {
        "owner": "NixOS",
        "ref": "release-22.11",
        "repo": "nixpkgs",
        "type": "github"
      }
    },
    "nixpkgs-unstable": {
      "locked": {
        "lastModified": 1672397839,
        "narHash": "sha256-o+TBFFNSdOu5L1CUetXGMSinghqqlWcI2Sj9GVoJmUY=",
        "owner": "NixOS",
        "repo": "nixpkgs",
        "rev": "a3f612564c15e8471dd17c15efaf7ede83c57763",
        "type": "github"
      },
      "original": {
        "owner": "NixOS",
        "ref": "master",
        "repo": "nixpkgs",
        "type": "github"
      }
    },
    "npmlock2nix": {
      "flake": false,
      "locked": {
        "lastModified": 1670666882,
        "narHash": "sha256-hoCm6Z6fXuYML+gh+HISsRVPMXDmyknAWlaentg9zcc=",
        "owner": "nix-community",
        "repo": "npmlock2nix",
        "rev": "cc11d791fdc3afb2ae7c2f11e10abf7c33b40763",
        "type": "github"
      },
      "original": {
        "owner": "nix-community",
        "repo": "npmlock2nix",
        "type": "github"
      }
    },
    "parrot-rcc": {
      "inputs": {
        "flake-utils": [
          "flake-utils"
        ],
        "nixpkgs": [
          "nixpkgs"
        ],
        "poetry2nix": "poetry2nix",
        "rcc": "rcc",
        "zbctl": "zbctl"
      },
      "locked": {
        "lastModified": 1672001459,
        "narHash": "sha256-yBK2OvgicXyk0G/TwGKk6/1D2coQLdELvb8lDDk74kM=",
        "owner": "datakurre",
        "repo": "parrot-rcc",
        "rev": "f6ffbe603fa581661772cf5682acc999ad29a59a",
        "type": "github"
      },
      "original": {
        "owner": "datakurre",
        "ref": "main",
        "repo": "parrot-rcc",
        "type": "github"
      }
    },
    "poetry2nix": {
      "inputs": {
        "flake-utils": "flake-utils_2",
        "nixpkgs": [
          "parrot-rcc",
          "nixpkgs"
        ]
      },
      "locked": {
        "lastModified": 1669558196,
        "narHash": "sha256-Ilwh5uvq+jgXI+3K8eXENLuMPPfWwUhOkXXvv2oElWI=",
        "owner": "nix-community",
        "repo": "poetry2nix",
        "rev": "a749fbe5608ae911f71ac6d3d2b1bc0945265f32",
        "type": "github"
      },
      "original": {
        "owner": "nix-community",
        "repo": "poetry2nix",
        "type": "github"
      }
    },
    "rcc": {
      "flake": false,
      "locked": {
        "lastModified": 1667908409,
        "narHash": "sha256-gXaFMXMRrMn/U4hSfnsWowycHMa6OYR8NJexAFOo2WY=",
        "owner": "robocorp",
        "repo": "rcc",
        "rev": "65cb4b6f9fb30cffd61c3f0d3617d33b51390c61",
        "type": "github"
      },
      "original": {
        "owner": "robocorp",
        "repo": "rcc",
        "rev": "65cb4b6f9fb30cffd61c3f0d3617d33b51390c61",
        "type": "github"
      }
    },
    "rcc_2": {
      "flake": false,
      "locked": {
        "lastModified": 1672223627,
        "narHash": "sha256-rUpCL6sTpC/uPBvBLF6CL52+0DrxvtCBKHYc9lDEHto=",
        "owner": "robocorp",
        "repo": "rcc",
        "rev": "c687438a726bd417437f4fbffae9db61f0010a87",
        "type": "github"
      },
      "original": {
        "owner": "robocorp",
        "repo": "rcc",
        "rev": "c687438a726bd417437f4fbffae9db61f0010a87",
        "type": "github"
      }
    },
    "robot-task": {
      "flake": false,
      "locked": {
        "lastModified": 1671908169,
        "narHash": "sha256-+buHqx+zYW4lFiM9cBjYPNssYICKa0tBTxJq83fHSrg=",
        "owner": "datakurre",
        "repo": "camunda-modeler-robot-plugin",
        "rev": "7a70112bb9cd72713823003bb13101f44a7bc67c",
        "type": "github"
      },
      "original": {
        "owner": "datakurre",
        "repo": "camunda-modeler-robot-plugin",
        "type": "github"
      }
    },
    "root": {
      "inputs": {
        "bpmn-to-image": "bpmn-to-image",
        "dmn-to-html": "dmn-to-html",
        "flake-utils": "flake-utils",
        "home-manager": "home-manager",
        "lezer-feel": "lezer-feel",
        "nixpkgs": "nixpkgs",
        "nixpkgs-unstable": "nixpkgs-unstable",
        "npmlock2nix": "npmlock2nix",
        "parrot-rcc": "parrot-rcc",
        "rcc": "rcc_2",
        "robot-task": "robot-task",
        "zbctl": "zbctl_2"
      }
    },
    "zbctl": {
      "flake": false,
      "locked": {
        "lastModified": 1667317037,
        "narHash": "sha256-K1ci85w+U/j7dB/eH1XBc1RWueXk1Mizbc1QvDUAYeA=",
        "owner": "camunda",
        "repo": "zeebe",
        "rev": "5e5f7e076d48eab364758d9b604cb868e9864a47",
        "type": "github"
      },
      "original": {
        "owner": "camunda",
        "ref": "clients/go/v8.1.3",
        "repo": "zeebe",
        "type": "github"
      }
    },
    "zbctl_2": {
      "flake": false,
      "locked": {
        "lastModified": 1670333412,
        "narHash": "sha256-ongana4RWa0MNmbHAt4eieHio4fmq/EmKZWMAXqeN7k=",
        "owner": "camunda",
        "repo": "zeebe",
        "rev": "3b271d94838d9dd4c622f3dca2846c28f33a748a",
        "type": "github"
      },
      "original": {
        "owner": "camunda",
        "ref": "clients/go/v8.1.5",
        "repo": "zeebe",
        "type": "github"
      }
    }
  },
  "root": "root",
  "version": 7
}
